
Microsoft Visual Studio Solution File, Format Version 12.00
# Visual Studio Version 17
VisualStudioVersion = 17.7.34221.43
MinimumVisualStudioVersion = 10.0.40219.1
Project("{FAE04EC0-301F-11D3-BF4B-00C04F79EFBC}") = "Wpf new doctor", "Wpf new doctor\Wpf new doctor.csproj", "{69E68F8F-A7BD-4B61-9DE1-DF064C318295}"
EndProject
Global
	GlobalSection(SolutionConfigurationPlatforms) = preSolution
		Debug|Any CPU = Debug|Any CPU
		Release|Any CPU = Release|Any CPU
	EndGlobalSection
	GlobalSection(ProjectConfigurationPlatforms) = postSolution
		{69E68F8F-A7BD-4B61-9DE1-DF064C318295}.Debug|Any CPU.ActiveCfg = Debug|Any CPU
		{69E68F8F-A7BD-4B61-9DE1-DF064C318295}.Debug|Any CPU.Build.0 = Debug|Any CPU
		{69E68F8F-A7BD-4B61-9DE1-DF064C318295}.Release|Any CPU.ActiveCfg = Release|Any CPU
		{69E68F8F-A7BD-4B61-9DE1-DF064C318295}.Release|Any CPU.Build.0 = Release|Any CPU
	EndGlobalSection
	GlobalSection(SolutionProperties) = preSolution
		HideSolutionNode = FALSE
	EndGlobalSection
	GlobalSection(ExtensibilityGlobals) = postSolution
		SolutionGuid = {A7021D65-5B50-4CC7-B21F-F657BD1F999D}
	EndGlobalSection
EndGlobal
